// !$*UTF8*$!
{
	archiveVersion = 1;
	classes = {
	};
	objectVersion = 50;
	objects = {

/* Begin PBXBuildFile section */
		BE983075246EB75700602AE2 /* AppDelegate.swift in Sources */ = {isa = PBXBuildFile; fileRef = BE983074246EB75700602AE2 /* AppDelegate.swift */; };
		BE983077246EB75700602AE2 /* ViewController.swift in Sources */ = {isa = PBXBuildFile; fileRef = BE983076246EB75700602AE2 /* ViewController.swift */; };
		BE983079246EB75900602AE2 /* Assets.xcassets in Resources */ = {isa = PBXBuildFile; fileRef = BE983078246EB75900602AE2 /* Assets.xcassets */; };
		BE98307C246EB75900602AE2 /* Main.storyboard in Resources */ = {isa = PBXBuildFile; fileRef = BE98307A246EB75900602AE2 /* Main.storyboard */; };
		BE983088246EB75900602AE2 /* DefaultsObserverTests.swift in Sources */ = {isa = PBXBuildFile; fileRef = BE983087246EB75900602AE2 /* DefaultsObserverTests.swift */; };
		BE983093246EC06600602AE2 /* TableCell.swift in Sources */ = {isa = PBXBuildFile; fileRef = BE983092246EC06600602AE2 /* TableCell.swift */; };
		BE983095246EE52700602AE2 /* NewBundleViewController.swift in Sources */ = {isa = PBXBuildFile; fileRef = BE983094246EE52700602AE2 /* NewBundleViewController.swift */; };
		BE983097246EECC200602AE2 /* WindowController.swift in Sources */ = {isa = PBXBuildFile; fileRef = BE983096246EECC200602AE2 /* WindowController.swift */; };
		BE983099246F148000602AE2 /* BundleID.swift in Sources */ = {isa = PBXBuildFile; fileRef = BE983098246F148000602AE2 /* BundleID.swift */; };
		BE98309B246FA69900602AE2 /* PinnedVC.swift in Sources */ = {isa = PBXBuildFile; fileRef = BE98309A246FA69900602AE2 /* PinnedVC.swift */; };
/* End PBXBuildFile section */

/* Begin PBXContainerItemProxy section */
		BE983084246EB75900602AE2 /* PBXContainerItemProxy */ = {
			isa = PBXContainerItemProxy;
			containerPortal = BE983069246EB75700602AE2 /* Project object */;
			proxyType = 1;
			remoteGlobalIDString = BE983070246EB75700602AE2;
			remoteInfo = DefaultsObserver;
		};
/* End PBXContainerItemProxy section */

/* Begin PBXFileReference section */
		BE983071246EB75700602AE2 /* DefaultsObserver.app */ = {isa = PBXFileReference; explicitFileType = wrapper.application; includeInIndex = 0; path = DefaultsObserver.app; sourceTree = BUILT_PRODUCTS_DIR; };
		BE983074246EB75700602AE2 /* AppDelegate.swift */ = {isa = PBXFileReference; lastKnownFileType = sourcecode.swift; path = AppDelegate.swift; sourceTree = "<group>"; };
		BE983076246EB75700602AE2 /* ViewController.swift */ = {isa = PBXFileReference; lastKnownFileType = sourcecode.swift; path = ViewController.swift; sourceTree = "<group>"; };
		BE983078246EB75900602AE2 /* Assets.xcassets */ = {isa = PBXFileReference; lastKnownFileType = folder.assetcatalog; path = Assets.xcassets; sourceTree = "<group>"; };
		BE98307B246EB75900602AE2 /* Base */ = {isa = PBXFileReference; lastKnownFileType = file.storyboard; name = Base; path = Base.lproj/Main.storyboard; sourceTree = "<group>"; };
		BE98307D246EB75900602AE2 /* Info.plist */ = {isa = PBXFileReference; lastKnownFileType = text.plist.xml; path = Info.plist; sourceTree = "<group>"; };
		BE98307E246EB75900602AE2 /* DefaultsObserver.entitlements */ = {isa = PBXFileReference; lastKnownFileType = text.plist.entitlements; path = DefaultsObserver.entitlements; sourceTree = "<group>"; };
		BE983083246EB75900602AE2 /* DefaultsObserverTests.xctest */ = {isa = PBXFileReference; explicitFileType = wrapper.cfbundle; includeInIndex = 0; path = DefaultsObserverTests.xctest; sourceTree = BUILT_PRODUCTS_DIR; };
		BE983087246EB75900602AE2 /* DefaultsObserverTests.swift */ = {isa = PBXFileReference; lastKnownFileType = sourcecode.swift; path = DefaultsObserverTests.swift; sourceTree = "<group>"; };
		BE983089246EB75900602AE2 /* Info.plist */ = {isa = PBXFileReference; lastKnownFileType = text.plist.xml; path = Info.plist; sourceTree = "<group>"; };
		BE983092246EC06600602AE2 /* TableCell.swift */ = {isa = PBXFileReference; lastKnownFileType = sourcecode.swift; path = TableCell.swift; sourceTree = "<group>"; };
		BE983094246EE52700602AE2 /* NewBundleViewController.swift */ = {isa = PBXFileReference; lastKnownFileType = sourcecode.swift; path = NewBundleViewController.swift; sourceTree = "<group>"; };
		BE983096246EECC200602AE2 /* WindowController.swift */ = {isa = PBXFileReference; lastKnownFileType = sourcecode.swift; path = WindowController.swift; sourceTree = "<group>"; };
		BE983098246F148000602AE2 /* BundleID.swift */ = {isa = PBXFileReference; lastKnownFileType = sourcecode.swift; path = BundleID.swift; sourceTree = "<group>"; };
		BE98309A246FA69900602AE2 /* PinnedVC.swift */ = {isa = PBXFileReference; lastKnownFileType = sourcecode.swift; path = PinnedVC.swift; sourceTree = "<group>"; };
/* End PBXFileReference section */

/* Begin PBXFrameworksBuildPhase section */
		BE98306E246EB75700602AE2 /* Frameworks */ = {
			isa = PBXFrameworksBuildPhase;
			buildActionMask = 2147483647;
			files = (
			);
			runOnlyForDeploymentPostprocessing = 0;
		};
		BE983080246EB75900602AE2 /* Frameworks */ = {
			isa = PBXFrameworksBuildPhase;
			buildActionMask = 2147483647;
			files = (
			);
			runOnlyForDeploymentPostprocessing = 0;
		};
/* End PBXFrameworksBuildPhase section */

/* Begin PBXGroup section */
		BE983068246EB75700602AE2 = {
			isa = PBXGroup;
			children = (
				BE983073246EB75700602AE2 /* DefaultsObserver */,
				BE983086246EB75900602AE2 /* DefaultsObserverTests */,
				BE983072246EB75700602AE2 /* Products */,
			);
			sourceTree = "<group>";
		};
		BE983072246EB75700602AE2 /* Products */ = {
			isa = PBXGroup;
			children = (
				BE983071246EB75700602AE2 /* DefaultsObserver.app */,
				BE983083246EB75900602AE2 /* DefaultsObserverTests.xctest */,
			);
			name = Products;
			sourceTree = "<group>";
		};
		BE983073246EB75700602AE2 /* DefaultsObserver */ = {
			isa = PBXGroup;
			children = (
				BE983074246EB75700602AE2 /* AppDelegate.swift */,
				BE98307A246EB75900602AE2 /* Main.storyboard */,
				BE983096246EECC200602AE2 /* WindowController.swift */,
				BE98309A246FA69900602AE2 /* PinnedVC.swift */,
				BE983076246EB75700602AE2 /* ViewController.swift */,
				BE983098246F148000602AE2 /* BundleID.swift */,
				BE983094246EE52700602AE2 /* NewBundleViewController.swift */,
				BE983092246EC06600602AE2 /* TableCell.swift */,
				BE983078246EB75900602AE2 /* Assets.xcassets */,
				BE98307D246EB75900602AE2 /* Info.plist */,
				BE98307E246EB75900602AE2 /* DefaultsObserver.entitlements */,
			);
			path = DefaultsObserver;
			sourceTree = "<group>";
		};
		BE983086246EB75900602AE2 /* DefaultsObserverTests */ = {
			isa = PBXGroup;
			children = (
				BE983087246EB75900602AE2 /* DefaultsObserverTests.swift */,
				BE983089246EB75900602AE2 /* Info.plist */,
			);
			path = DefaultsObserverTests;
			sourceTree = "<group>";
		};
/* End PBXGroup section */

/* Begin PBXNativeTarget section */
		BE983070246EB75700602AE2 /* DefaultsObserver */ = {
			isa = PBXNativeTarget;
			buildConfigurationList = BE98308C246EB75900602AE2 /* Build configuration list for PBXNativeTarget "DefaultsObserver" */;
			buildPhases = (
				BE98306D246EB75700602AE2 /* Sources */,
				BE98306E246EB75700602AE2 /* Frameworks */,
				BE98306F246EB75700602AE2 /* Resources */,
			);
			buildRules = (
			);
			dependencies = (
			);
			name = DefaultsObserver;
			productName = DefaultsObserver;
			productReference = BE983071246EB75700602AE2 /* DefaultsObserver.app */;
			productType = "com.apple.product-type.application";
		};
		BE983082246EB75900602AE2 /* DefaultsObserverTests */ = {
			isa = PBXNativeTarget;
			buildConfigurationList = BE98308F246EB75900602AE2 /* Build configuration list for PBXNativeTarget "DefaultsObserverTests" */;
			buildPhases = (
				BE98307F246EB75900602AE2 /* Sources */,
				BE983080246EB75900602AE2 /* Frameworks */,
				BE983081246EB75900602AE2 /* Resources */,
			);
			buildRules = (
			);
			dependencies = (
				BE983085246EB75900602AE2 /* PBXTargetDependency */,
			);
			name = DefaultsObserverTests;
			productName = DefaultsObserverTests;
			productReference = BE983083246EB75900602AE2 /* DefaultsObserverTests.xctest */;
			productType = "com.apple.product-type.bundle.unit-test";
		};
/* End PBXNativeTarget section */

/* Begin PBXProject section */
		BE983069246EB75700602AE2 /* Project object */ = {
			isa = PBXProject;
			attributes = {
				LastSwiftUpdateCheck = 1140;
				LastUpgradeCheck = 1140;
				ORGANIZATIONNAME = "Kaunteya Suryawanshi";
				TargetAttributes = {
					BE983070246EB75700602AE2 = {
						CreatedOnToolsVersion = 11.4.1;
					};
					BE983082246EB75900602AE2 = {
						CreatedOnToolsVersion = 11.4.1;
						TestTargetID = BE983070246EB75700602AE2;
					};
				};
			};
			buildConfigurationList = BE98306C246EB75700602AE2 /* Build configuration list for PBXProject "DefaultsObserver" */;
			compatibilityVersion = "Xcode 9.3";
			developmentRegion = en;
			hasScannedForEncodings = 0;
			knownRegions = (
				en,
				Base,
			);
			mainGroup = BE983068246EB75700602AE2;
			productRefGroup = BE983072246EB75700602AE2 /* Products */;
			projectDirPath = "";
			projectRoot = "";
			targets = (
				BE983070246EB75700602AE2 /* DefaultsObserver */,
				BE983082246EB75900602AE2 /* DefaultsObserverTests */,
			);
		};
/* End PBXProject section */

/* Begin PBXResourcesBuildPhase section */
		BE98306F246EB75700602AE2 /* Resources */ = {
			isa = PBXResourcesBuildPhase;
			buildActionMask = 2147483647;
			files = (
				BE983079246EB75900602AE2 /* Assets.xcassets in Resources */,
				BE98307C246EB75900602AE2 /* Main.storyboard in Resources */,
			);
			runOnlyForDeploymentPostprocessing = 0;
		};
		BE983081246EB75900602AE2 /* Resources */ = {
			isa = PBXResourcesBuildPhase;
			buildActionMask = 2147483647;
			files = (
			);
			runOnlyForDeploymentPostprocessing = 0;
		};
/* End PBXResourcesBuildPhase section */

/* Begin PBXSourcesBuildPhase section */
		BE98306D246EB75700602AE2 /* Sources */ = {
			isa = PBXSourcesBuildPhase;
			buildActionMask = 2147483647;
			files = (
				BE98309B246FA69900602AE2 /* PinnedVC.swift in Sources */,
				BE983093246EC06600602AE2 /* TableCell.swift in Sources */,
				BE983099246F148000602AE2 /* BundleID.swift in Sources */,
				BE983097246EECC200602AE2 /* WindowController.swift in Sources */,
				BE983077246EB75700602AE2 /* ViewController.swift in Sources */,
				BE983075246EB75700602AE2 /* AppDelegate.swift in Sources */,
				BE983095246EE52700602AE2 /* NewBundleViewController.swift in Sources */,
			);
			runOnlyForDeploymentPostprocessing = 0;
		};
		BE98307F246EB75900602AE2 /* Sources */ = {
			isa = PBXSourcesBuildPhase;
			buildActionMask = 2147483647;
			files = (
				BE983088246EB75900602AE2 /* DefaultsObserverTests.swift in Sources */,
			);
			runOnlyForDeploymentPostprocessing = 0;
		};
/* End PBXSourcesBuildPhase section */

/* Begin PBXTargetDependency section */
		BE983085246EB75900602AE2 /* PBXTargetDependency */ = {
			isa = PBXTargetDependency;
			target = BE983070246EB75700602AE2 /* DefaultsObserver */;
			targetProxy = BE983084246EB75900602AE2 /* PBXContainerItemProxy */;
		};
/* End PBXTargetDependency section */

/* Begin PBXVariantGroup section */
		BE98307A246EB75900602AE2 /* Main.storyboard */ = {
			isa = PBXVariantGroup;
			children = (
				BE98307B246EB75900602AE2 /* Base */,
			);
			name = Main.storyboard;
			sourceTree = "<group>";
		};
/* End PBXVariantGroup section */

/* Begin XCBuildConfiguration section */
		BE98308A246EB75900602AE2 /* Debug */ = {
			isa = XCBuildConfiguration;
			buildSettings = {
				ALWAYS_SEARCH_USER_PATHS = NO;
				CLANG_ANALYZER_NONNULL = YES;
				CLANG_ANALYZER_NUMBER_OBJECT_CONVERSION = YES_AGGRESSIVE;
				CLANG_CXX_LANGUAGE_STANDARD = "gnu++14";
				CLANG_CXX_LIBRARY = "libc++";
				CLANG_ENABLE_MODULES = YES;
				CLANG_ENABLE_OBJC_ARC = YES;
				CLANG_ENABLE_OBJC_WEAK = YES;
				CLANG_WARN_BLOCK_CAPTURE_AUTORELEASING = YES;
				CLANG_WARN_BOOL_CONVERSION = YES;
				CLANG_WARN_COMMA = YES;
				CLANG_WARN_CONSTANT_CONVERSION = YES;
				CLANG_WARN_DEPRECATED_OBJC_IMPLEMENTATIONS = YES;
				CLANG_WARN_DIRECT_OBJC_ISA_USAGE = YES_ERROR;
				CLANG_WARN_DOCUMENTATION_COMMENTS = YES;
				CLANG_WARN_EMPTY_BODY = YES;
				CLANG_WARN_ENUM_CONVERSION = YES;
				CLANG_WARN_INFINITE_RECURSION = YES;
				CLANG_WARN_INT_CONVERSION = YES;
				CLANG_WARN_NON_LITERAL_NULL_CONVERSION = YES;
				CLANG_WARN_OBJC_IMPLICIT_RETAIN_SELF = YES;
				CLANG_WARN_OBJC_LITERAL_CONVERSION = YES;
				CLANG_WARN_OBJC_ROOT_CLASS = YES_ERROR;
				CLANG_WARN_RANGE_LOOP_ANALYSIS = YES;
				CLANG_WARN_STRICT_PROTOTYPES = YES;
				CLANG_WARN_SUSPICIOUS_MOVE = YES;
				CLANG_WARN_UNGUARDED_AVAILABILITY = YES_AGGRESSIVE;
				CLANG_WARN_UNREACHABLE_CODE = YES;
				CLANG_WARN__DUPLICATE_METHOD_MATCH = YES;
				COPY_PHASE_STRIP = NO;
				DEBUG_INFORMATION_FORMAT = dwarf;
				ENABLE_STRICT_OBJC_MSGSEND = YES;
				ENABLE_TESTABILITY = YES;
				GCC_C_LANGUAGE_STANDARD = gnu11;
				GCC_DYNAMIC_NO_PIC = NO;
				GCC_NO_COMMON_BLOCKS = YES;
				GCC_OPTIMIZATION_LEVEL = 0;
				GCC_PREPROCESSOR_DEFINITIONS = (
					"DEBUG=1",
					"$(inherited)",
				);
				GCC_WARN_64_TO_32_BIT_CONVERSION = YES;
				GCC_WARN_ABOUT_RETURN_TYPE = YES_ERROR;
				GCC_WARN_UNDECLARED_SELECTOR = YES;
				GCC_WARN_UNINITIALIZED_AUTOS = YES_AGGRESSIVE;
				GCC_WARN_UNUSED_FUNCTION = YES;
				GCC_WARN_UNUSED_VARIABLE = YES;
				MACOSX_DEPLOYMENT_TARGET = 10.15;
				MTL_ENABLE_DEBUG_INFO = INCLUDE_SOURCE;
				MTL_FAST_MATH = YES;
				ONLY_ACTIVE_ARCH = YES;
				SDKROOT = macosx;
				SWIFT_ACTIVE_COMPILATION_CONDITIONS = DEBUG;
				SWIFT_OPTIMIZATION_LEVEL = "-Onone";
			};
			name = Debug;
		};
		BE98308B246EB75900602AE2 /* Release */ = {
			isa = XCBuildConfiguration;
			buildSettings = {
				ALWAYS_SEARCH_USER_PATHS = NO;
				CLANG_ANALYZER_NONNULL = YES;
				CLANG_ANALYZER_NUMBER_OBJECT_CONVERSION = YES_AGGRESSIVE;
				CLANG_CXX_LANGUAGE_STANDARD = "gnu++14";
				CLANG_CXX_LIBRARY = "libc++";
				CLANG_ENABLE_MODULES = YES;
				CLANG_ENABLE_OBJC_ARC = YES;
				CLANG_ENABLE_OBJC_WEAK = YES;
				CLANG_WARN_BLOCK_CAPTURE_AUTORELEASING = YES;
				CLANG_WARN_BOOL_CONVERSION = YES;
				CLANG_WARN_COMMA = YES;
				CLANG_WARN_CONSTANT_CONVERSION = YES;
				CLANG_WARN_DEPRECATED_OBJC_IMPLEMENTATIONS = YES;
				CLANG_WARN_DIRECT_OBJC_ISA_USAGE = YES_ERROR;
				CLANG_WARN_DOCUMENTATION_COMMENTS = YES;
				CLANG_WARN_EMPTY_BODY = YES;
				CLANG_WARN_ENUM_CONVERSION = YES;
				CLANG_WARN_INFINITE_RECURSION = YES;
				CLANG_WARN_INT_CONVERSION = YES;
				CLANG_WARN_NON_LITERAL_NULL_CONVERSION = YES;
				CLANG_WARN_OBJC_IMPLICIT_RETAIN_SELF = YES;
				CLANG_WARN_OBJC_LITERAL_CONVERSION = YES;
				CLANG_WARN_OBJC_ROOT_CLASS = YES_ERROR;
				CLANG_WARN_RANGE_LOOP_ANALYSIS = YES;
				CLANG_WARN_STRICT_PROTOTYPES = YES;
				CLANG_WARN_SUSPICIOUS_MOVE = YES;
				CLANG_WARN_UNGUARDED_AVAILABILITY = YES_AGGRESSIVE;
				CLANG_WARN_UNREACHABLE_CODE = YES;
				CLANG_WARN__DUPLICATE_METHOD_MATCH = YES;
				COPY_PHASE_STRIP = NO;
				DEBUG_INFORMATION_FORMAT = "dwarf-with-dsym";
				ENABLE_NS_ASSERTIONS = NO;
				ENABLE_STRICT_OBJC_MSGSEND = YES;
				GCC_C_LANGUAGE_STANDARD = gnu11;
				GCC_NO_COMMON_BLOCKS = YES;
				GCC_WARN_64_TO_32_BIT_CONVERSION = YES;
				GCC_WARN_ABOUT_RETURN_TYPE = YES_ERROR;
				GCC_WARN_UNDECLARED_SELECTOR = YES;
				GCC_WARN_UNINITIALIZED_AUTOS = YES_AGGRESSIVE;
				GCC_WARN_UNUSED_FUNCTION = YES;
				GCC_WARN_UNUSED_VARIABLE = YES;
				MACOSX_DEPLOYMENT_TARGET = 10.15;
				MTL_ENABLE_DEBUG_INFO = NO;
				MTL_FAST_MATH = YES;
				SDKROOT = macosx;
				SWIFT_COMPILATION_MODE = wholemodule;
				SWIFT_OPTIMIZATION_LEVEL = "-O";
			};
			name = Release;
		};
		BE98308D246EB75900602AE2 /* Debug */ = {
			isa = XCBuildConfiguration;
			buildSettings = {
				ASSETCATALOG_COMPILER_APPICON_NAME = AppIcon;
				CODE_SIGN_ENTITLEMENTS = DefaultsObserver/DefaultsObserver.entitlements;
				CODE_SIGN_STYLE = Automatic;
				COMBINE_HIDPI_IMAGES = YES;
				DEVELOPMENT_TEAM = KQQ77ZBE5E;
				ENABLE_HARDENED_RUNTIME = NO;
				INFOPLIST_FILE = DefaultsObserver/Info.plist;
				LD_RUNPATH_SEARCH_PATHS = (
					"$(inherited)",
					"@executable_path/../Frameworks",
				);
				PRODUCT_BUNDLE_IDENTIFIER = com.kaunteya.DefaultsObserver;
				PRODUCT_NAME = "$(TARGET_NAME)";
				SWIFT_VERSION = 5.0;
			};
			name = Debug;
		};
		BE98308E246EB75900602AE2 /* Release */ = {
			isa = XCBuildConfiguration;
			buildSettings = {
				ASSETCATALOG_COMPILER_APPICON_NAME = AppIcon;
				CODE_SIGN_ENTITLEMENTS = DefaultsObserver/DefaultsObserver.entitlements;
				CODE_SIGN_STYLE = Automatic;
				COMBINE_HIDPI_IMAGES = YES;
				DEVELOPMENT_TEAM = KQQ77ZBE5E;
				ENABLE_HARDENED_RUNTIME = NO;
				INFOPLIST_FILE = DefaultsObserver/Info.plist;
				LD_RUNPATH_SEARCH_PATHS = (
					"$(inherited)",
					"@executable_path/../Frameworks",
				);
				PRODUCT_BUNDLE_IDENTIFIER = com.kaunteya.DefaultsObserver;
				PRODUCT_NAME = "$(TARGET_NAME)";
				SWIFT_VERSION = 5.0;
			};
			name = Release;
		};
		BE983090246EB75900602AE2 /* Debug */ = {
			isa = XCBuildConfiguration;
			buildSettings = {
				ALWAYS_EMBED_SWIFT_STANDARD_LIBRARIES = YES;
				BUNDLE_LOADER = "$(TEST_HOST)";
				CODE_SIGN_STYLE = Automatic;
				COMBINE_HIDPI_IMAGES = YES;
				DEVELOPMENT_TEAM = KQQ77ZBE5E;
				INFOPLIST_FILE = DefaultsObserverTests/Info.plist;
				LD_RUNPATH_SEARCH_PATHS = (
					"$(inherited)",
					"@executable_path/../Frameworks",
					"@loader_path/../Frameworks",
				);
				MACOSX_DEPLOYMENT_TARGET = 10.15;
				PRODUCT_BUNDLE_IDENTIFIER = com.kaunteya.DefaultsObserverTests;
				PRODUCT_NAME = "$(TARGET_NAME)";
				SWIFT_VERSION = 5.0;
				TEST_HOST = "$(BUILT_PRODUCTS_DIR)/DefaultsObserver.app/Contents/MacOS/DefaultsObserver";
			};
			name = Debug;
		};
		BE983091246EB75900602AE2 /* Release */ = {
			isa = XCBuildConfiguration;
			buildSettings = {
				ALWAYS_EMBED_SWIFT_STANDARD_LIBRARIES = YES;
				BUNDLE_LOADER = "$(TEST_HOST)";
				CODE_SIGN_STYLE = Automatic;
				COMBINE_HIDPI_IMAGES = YES;
				DEVELOPMENT_TEAM = KQQ77ZBE5E;
				INFOPLIST_FILE = DefaultsObserverTests/Info.plist;
				LD_RUNPATH_SEARCH_PATHS = (
					"$(inherited)",
					"@executable_path/../Frameworks",
					"@loader_path/../Frameworks",
				);
				MACOSX_DEPLOYMENT_TARGET = 10.15;
				PRODUCT_BUNDLE_IDENTIFIER = com.kaunteya.DefaultsObserverTests;
				PRODUCT_NAME = "$(TARGET_NAME)";
				SWIFT_VERSION = 5.0;
				TEST_HOST = "$(BUILT_PRODUCTS_DIR)/DefaultsObserver.app/Contents/MacOS/DefaultsObserver";
			};
			name = Release;
		};
/* End XCBuildConfiguration section */

/* Begin XCConfigurationList section */
		BE98306C246EB75700602AE2 /* Build configuration list for PBXProject "DefaultsObserver" */ = {
			isa = XCConfigurationList;
			buildConfigurations = (
				BE98308A246EB75900602AE2 /* Debug */,
				BE98308B246EB75900602AE2 /* Release */,
			);
			defaultConfigurationIsVisible = 0;
			defaultConfigurationName = Release;
		};
		BE98308C246EB75900602AE2 /* Build configuration list for PBXNativeTarget "DefaultsObserver" */ = {
			isa = XCConfigurationList;
			buildConfigurations = (
				BE98308D246EB75900602AE2 /* Debug */,
				BE98308E246EB75900602AE2 /* Release */,
			);
			defaultConfigurationIsVisible = 0;
			defaultConfigurationName = Release;
		};
		BE98308F246EB75900602AE2 /* Build configuration list for PBXNativeTarget "DefaultsObserverTests" */ = {
			isa = XCConfigurationList;
			buildConfigurations = (
				BE983090246EB75900602AE2 /* Debug */,
				BE983091246EB75900602AE2 /* Release */,
			);
			defaultConfigurationIsVisible = 0;
			defaultConfigurationName = Release;
		};
/* End XCConfigurationList section */
	};
	rootObject = BE983069246EB75700602AE2 /* Project object */;
}
